
Microsoft Visual Studio Solution File, Format Version 12.00
# Visual Studio Version 17
VisualStudioVersion = 17.2.32526.322
MinimumVisualStudioVersion = 10.0.40219.1
Project("{FAE04EC0-301F-11D3-BF4B-00C04F79EFBC}") = "NewAuth.Api", "NewAuth.Api\NewAuth.Api.csproj", "{EB53F3AB-8A39-4304-8282-CA051BC10B3A}"
EndProject
Global
	GlobalSection(SolutionConfigurationPlatforms) = preSolution
		Debug|Any CPU = Debug|Any CPU
		Release|Any CPU = Release|Any CPU
	EndGlobalSection
	GlobalSection(ProjectConfigurationPlatforms) = postSolution
		{EB53F3AB-8A39-4304-8282-CA051BC10B3A}.Debug|Any CPU.ActiveCfg = Debug|Any CPU
		{EB53F3AB-8A39-4304-8282-CA051BC10B3A}.Debug|Any CPU.Build.0 = Debug|Any CPU
		{EB53F3AB-8A39-4304-8282-CA051BC10B3A}.Release|Any CPU.ActiveCfg = Release|Any CPU
		{EB53F3AB-8A39-4304-8282-CA051BC10B3A}.Release|Any CPU.Build.0 = Release|Any CPU
	EndGlobalSection
	GlobalSection(SolutionProperties) = preSolution
		HideSolutionNode = FALSE
	EndGlobalSection
	GlobalSection(ExtensibilityGlobals) = postSolution
		SolutionGuid = {E81DF810-7922-471D-AE4D-361D31CC43C3}
	EndGlobalSection
EndGlobal
